// !$*UTF8*$!
{
	archiveVersion = 1;
	classes = {
	};
	objectVersion = 48;
	objects = {

/* Begin PBXBuildFile section */
		89BEC2562020724A00DBFF82 /* main.cpp in Sources */ = {isa = PBXBuildFile; fileRef = 89BEC2552020724A00DBFF82 /* main.cpp */; };
/* End PBXBuildFile section */

/* Begin PBXCopyFilesBuildPhase section */
		89BEC2502020724A00DBFF82 /* CopyFiles */ = {
			isa = PBXCopyFilesBuildPhase;
			buildActionMask = 2147483647;
			dstPath = /usr/share/man/man1/;
			dstSubfolderSpec = 0;
			files = (
			);
			runOnlyForDeploymentPostprocessing = 1;
		};
/* End PBXCopyFilesBuildPhase section */

/* Begin PBXFileReference section */
		89BEC2522020724A00DBFF82 /* tester_opencv */ = {isa = PBXFileReference; explicitFileType = "compiled.mach-o.executable"; includeInIndex = 0; path = tester_opencv; sourceTree = BUILT_PRODUCTS_DIR; };
		89BEC2552020724A00DBFF82 /* main.cpp */ = {isa = PBXFileReference; lastKnownFileType = sourcecode.cpp.cpp; path = main.cpp; sourceTree = "<group>"; };
		89F2E5A22022366000DCC794 /* haarcascade_frontalface_alt.xml */ = {isa = PBXFileReference; fileEncoding = 4; lastKnownFileType = text.xml; path = haarcascade_frontalface_alt.xml; sourceTree = "<group>"; };
		89F2E5A32022366000DCC794 /* haarcascade_eye_tree_eyeglasses.xml */ = {isa = PBXFileReference; fileEncoding = 4; lastKnownFileType = text.xml; path = haarcascade_eye_tree_eyeglasses.xml; sourceTree = "<group>"; };
/* End PBXFileReference section */

/* Begin PBXFrameworksBuildPhase section */
		89BEC24F2020724A00DBFF82 /* Frameworks */ = {
			isa = PBXFrameworksBuildPhase;
			buildActionMask = 2147483647;
			files = (
			);
			runOnlyForDeploymentPostprocessing = 0;
		};
/* End PBXFrameworksBuildPhase section */

/* Begin PBXGroup section */
		89BEC2492020724A00DBFF82 = {
			isa = PBXGroup;
			children = (
				89BEC2542020724A00DBFF82 /* tester_opencv */,
				89BEC2532020724A00DBFF82 /* Products */,
			);
			sourceTree = "<group>";
		};
		89BEC2532020724A00DBFF82 /* Products */ = {
			isa = PBXGroup;
			children = (
				89BEC2522020724A00DBFF82 /* tester_opencv */,
			);
			name = Products;
			sourceTree = "<group>";
		};
		89BEC2542020724A00DBFF82 /* tester_opencv */ = {
			isa = PBXGroup;
			children = (
				89F2E5A32022366000DCC794 /* haarcascade_eye_tree_eyeglasses.xml */,
				89F2E5A22022366000DCC794 /* haarcascade_frontalface_alt.xml */,
				89BEC2552020724A00DBFF82 /* main.cpp */,
			);
			path = tester_opencv;
			sourceTree = "<group>";
		};
/* End PBXGroup section */

/* Begin PBXNativeTarget section */
		89BEC2512020724A00DBFF82 /* tester_opencv */ = {
			isa = PBXNativeTarget;
			buildConfigurationList = 89BEC2592020724A00DBFF82 /* Build configuration list for PBXNativeTarget "tester_opencv" */;
			buildPhases = (
				89BEC24E2020724A00DBFF82 /* Sources */,
				89BEC24F2020724A00DBFF82 /* Frameworks */,
				89BEC2502020724A00DBFF82 /* CopyFiles */,
			);
			buildRules = (
			);
			dependencies = (
			);
			name = tester_opencv;
			productName = tester_opencv;
			productReference = 89BEC2522020724A00DBFF82 /* tester_opencv */;
			productType = "com.apple.product-type.tool";
		};
/* End PBXNativeTarget section */

/* Begin PBXProject section */
		89BEC24A2020724A00DBFF82 /* Project object */ = {
			isa = PBXProject;
			attributes = {
				LastUpgradeCheck = 0920;
				ORGANIZATIONNAME = "George Manolakis";
				TargetAttributes = {
					89BEC2512020724A00DBFF82 = {
						CreatedOnToolsVersion = 9.2;
						ProvisioningStyle = Automatic;
					};
				};
			};
			buildConfigurationList = 89BEC24D2020724A00DBFF82 /* Build configuration list for PBXProject "tester_opencv" */;
			compatibilityVersion = "Xcode 8.0";
			developmentRegion = en;
			hasScannedForEncodings = 0;
			knownRegions = (
				en,
			);
			mainGroup = 89BEC2492020724A00DBFF82;
			productRefGroup = 89BEC2532020724A00DBFF82 /* Products */;
			projectDirPath = "";
			projectRoot = "";
			targets = (
				89BEC2512020724A00DBFF82 /* tester_opencv */,
			);
		};
/* End PBXProject section */

/* Begin PBXSourcesBuildPhase section */
		89BEC24E2020724A00DBFF82 /* Sources */ = {
			isa = PBXSourcesBuildPhase;
			buildActionMask = 2147483647;
			files = (
				89BEC2562020724A00DBFF82 /* main.cpp in Sources */,
			);
			runOnlyForDeploymentPostprocessing = 0;
		};
/* End PBXSourcesBuildPhase section */

/* Begin XCBuildConfiguration section */
		89BEC2572020724A00DBFF82 /* Debug */ = {
			isa = XCBuildConfiguration;
			buildSettings = {
				ALWAYS_SEARCH_USER_PATHS = NO;
				CLANG_ANALYZER_NONNULL = YES;
				CLANG_ANALYZER_NUMBER_OBJECT_CONVERSION = YES_AGGRESSIVE;
				CLANG_CXX_LANGUAGE_STANDARD = "gnu++14";
				CLANG_CXX_LIBRARY = "libc++";
				CLANG_ENABLE_MODULES = YES;
				CLANG_ENABLE_OBJC_ARC = YES;
				CLANG_WARN_BLOCK_CAPTURE_AUTORELEASING = YES;
				CLANG_WARN_BOOL_CONVERSION = YES;
				CLANG_WARN_COMMA = YES;
				CLANG_WARN_CONSTANT_CONVERSION = YES;
				CLANG_WARN_DIRECT_OBJC_ISA_USAGE = YES_ERROR;
				CLANG_WARN_DOCUMENTATION_COMMENTS = YES;
				CLANG_WARN_EMPTY_BODY = YES;
				CLANG_WARN_ENUM_CONVERSION = YES;
				CLANG_WARN_INFINITE_RECURSION = YES;
				CLANG_WARN_INT_CONVERSION = YES;
				CLANG_WARN_NON_LITERAL_NULL_CONVERSION = YES;
				CLANG_WARN_OBJC_LITERAL_CONVERSION = YES;
				CLANG_WARN_OBJC_ROOT_CLASS = YES_ERROR;
				CLANG_WARN_RANGE_LOOP_ANALYSIS = YES;
				CLANG_WARN_STRICT_PROTOTYPES = YES;
				CLANG_WARN_SUSPICIOUS_MOVE = YES;
				CLANG_WARN_UNGUARDED_AVAILABILITY = YES_AGGRESSIVE;
				CLANG_WARN_UNREACHABLE_CODE = YES;
				CLANG_WARN__DUPLICATE_METHOD_MATCH = YES;
				CODE_SIGN_IDENTITY = "-";
				COPY_PHASE_STRIP = NO;
				DEBUG_INFORMATION_FORMAT = dwarf;
				ENABLE_STRICT_OBJC_MSGSEND = YES;
				ENABLE_TESTABILITY = YES;
				GCC_C_LANGUAGE_STANDARD = gnu11;
				GCC_DYNAMIC_NO_PIC = NO;
				GCC_NO_COMMON_BLOCKS = YES;
				GCC_OPTIMIZATION_LEVEL = 0;
				GCC_PREPROCESSOR_DEFINITIONS = (
					"DEBUG=1",
					"$(inherited)",
				);
				GCC_WARN_64_TO_32_BIT_CONVERSION = YES;
				GCC_WARN_ABOUT_RETURN_TYPE = YES_ERROR;
				GCC_WARN_UNDECLARED_SELECTOR = YES;
				GCC_WARN_UNINITIALIZED_AUTOS = YES_AGGRESSIVE;
				GCC_WARN_UNUSED_FUNCTION = YES;
				GCC_WARN_UNUSED_VARIABLE = YES;
				MACOSX_DEPLOYMENT_TARGET = 10.13;
				MTL_ENABLE_DEBUG_INFO = YES;
				ONLY_ACTIVE_ARCH = YES;
				SDKROOT = macosx;
			};
			name = Debug;
		};
		89BEC2582020724A00DBFF82 /* Release */ = {
			isa = XCBuildConfiguration;
			buildSettings = {
				ALWAYS_SEARCH_USER_PATHS = NO;
				CLANG_ANALYZER_NONNULL = YES;
				CLANG_ANALYZER_NUMBER_OBJECT_CONVERSION = YES_AGGRESSIVE;
				CLANG_CXX_LANGUAGE_STANDARD = "gnu++14";
				CLANG_CXX_LIBRARY = "libc++";
				CLANG_ENABLE_MODULES = YES;
				CLANG_ENABLE_OBJC_ARC = YES;
				CLANG_WARN_BLOCK_CAPTURE_AUTORELEASING = YES;
				CLANG_WARN_BOOL_CONVERSION = YES;
				CLANG_WARN_COMMA = YES;
				CLANG_WARN_CONSTANT_CONVERSION = YES;
				CLANG_WARN_DIRECT_OBJC_ISA_USAGE = YES_ERROR;
				CLANG_WARN_DOCUMENTATION_COMMENTS = YES;
				CLANG_WARN_EMPTY_BODY = YES;
				CLANG_WARN_ENUM_CONVERSION = YES;
				CLANG_WARN_INFINITE_RECURSION = YES;
				CLANG_WARN_INT_CONVERSION = YES;
				CLANG_WARN_NON_LITERAL_NULL_CONVERSION = YES;
				CLANG_WARN_OBJC_LITERAL_CONVERSION = YES;
				CLANG_WARN_OBJC_ROOT_CLASS = YES_ERROR;
				CLANG_WARN_RANGE_LOOP_ANALYSIS = YES;
				CLANG_WARN_STRICT_PROTOTYPES = YES;
				CLANG_WARN_SUSPICIOUS_MOVE = YES;
				CLANG_WARN_UNGUARDED_AVAILABILITY = YES_AGGRESSIVE;
				CLANG_WARN_UNREACHABLE_CODE = YES;
				CLANG_WARN__DUPLICATE_METHOD_MATCH = YES;
				CODE_SIGN_IDENTITY = "-";
				COPY_PHASE_STRIP = NO;
				DEBUG_INFORMATION_FORMAT = "dwarf-with-dsym";
				ENABLE_NS_ASSERTIONS = NO;
				ENABLE_STRICT_OBJC_MSGSEND = YES;
				GCC_C_LANGUAGE_STANDARD = gnu11;
				GCC_NO_COMMON_BLOCKS = YES;
				GCC_WARN_64_TO_32_BIT_CONVERSION = YES;
				GCC_WARN_ABOUT_RETURN_TYPE = YES_ERROR;
				GCC_WARN_UNDECLARED_SELECTOR = YES;
				GCC_WARN_UNINITIALIZED_AUTOS = YES_AGGRESSIVE;
				GCC_WARN_UNUSED_FUNCTION = YES;
				GCC_WARN_UNUSED_VARIABLE = YES;
				MACOSX_DEPLOYMENT_TARGET = 10.13;
				MTL_ENABLE_DEBUG_INFO = NO;
				SDKROOT = macosx;
			};
			name = Release;
		};
		89BEC25A2020724A00DBFF82 /* Debug */ = {
			isa = XCBuildConfiguration;
			buildSettings = {
				CODE_SIGN_STYLE = Automatic;
				HEADER_SEARCH_PATHS = /usr/local/include;
				LIBRARY_SEARCH_PATHS = usr/local/lib;
				OTHER_LDFLAGS = (
					"\"$(SRCROOT)/../opencv-3.4.0/build/lib/libopencv_calib3d.3.4.0.dylib\"",
					"\"$(SRCROOT)/../opencv-3.4.0/build/lib/libopencv_calib3d.3.4.dylib\"",
					"\"$(SRCROOT)/../opencv-3.4.0/build/lib/libopencv_calib3d.dylib\"",
					"\"$(SRCROOT)/../opencv-3.4.0/build/lib/libopencv_core.3.4.0.dylib\"",
					"\"$(SRCROOT)/../opencv-3.4.0/build/lib/libopencv_core.3.4.dylib\"",
					"\"$(SRCROOT)/../opencv-3.4.0/build/lib/libopencv_core.dylib\"",
					"\"$(SRCROOT)/../opencv-3.4.0/build/lib/libopencv_dnn.3.4.0.dylib\"",
					"\"$(SRCROOT)/../opencv-3.4.0/build/lib/libopencv_dnn.3.4.dylib\"",
					"\"$(SRCROOT)/../opencv-3.4.0/build/lib/libopencv_dnn.dylib\"",
					"\"$(SRCROOT)/../opencv-3.4.0/build/lib/libopencv_features2d.3.4.0.dylib\"",
					"\"$(SRCROOT)/../opencv-3.4.0/build/lib/libopencv_features2d.3.4.dylib\"",
					"\"$(SRCROOT)/../opencv-3.4.0/build/lib/libopencv_features2d.dylib\"",
					"\"$(SRCROOT)/../opencv-3.4.0/build/lib/libopencv_flann.3.4.0.dylib\"",
					"\"$(SRCROOT)/../opencv-3.4.0/build/lib/libopencv_flann.3.4.dylib\"",
					"\"$(SRCROOT)/../opencv-3.4.0/build/lib/libopencv_flann.dylib\"",
					"\"$(SRCROOT)/../opencv-3.4.0/build/lib/libopencv_highgui.3.4.0.dylib\"",
					"\"$(SRCROOT)/../opencv-3.4.0/build/lib/libopencv_highgui.3.4.dylib\"",
					"\"$(SRCROOT)/../opencv-3.4.0/build/lib/libopencv_highgui.dylib\"",
					"\"$(SRCROOT)/../opencv-3.4.0/build/lib/libopencv_imgcodecs.3.4.0.dylib\"",
					"\"$(SRCROOT)/../opencv-3.4.0/build/lib/libopencv_imgcodecs.3.4.dylib\"",
					"\"$(SRCROOT)/../opencv-3.4.0/build/lib/libopencv_imgcodecs.dylib\"",
					"\"$(SRCROOT)/../opencv-3.4.0/build/lib/libopencv_imgproc.3.4.0.dylib\"",
					"\"$(SRCROOT)/../opencv-3.4.0/build/lib/libopencv_imgproc.3.4.dylib\"",
					"\"$(SRCROOT)/../opencv-3.4.0/build/lib/libopencv_imgproc.dylib\"",
					"\"$(SRCROOT)/../opencv-3.4.0/build/lib/libopencv_ml.3.4.0.dylib\"",
					"\"$(SRCROOT)/../opencv-3.4.0/build/lib/libopencv_ml.3.4.dylib\"",
					"\"$(SRCROOT)/../opencv-3.4.0/build/lib/libopencv_ml.dylib\"",
					"\"$(SRCROOT)/../opencv-3.4.0/build/lib/libopencv_objdetect.3.4.0.dylib\"",
					"\"$(SRCROOT)/../opencv-3.4.0/build/lib/libopencv_objdetect.3.4.dylib\"",
					"\"$(SRCROOT)/../opencv-3.4.0/build/lib/libopencv_objdetect.dylib\"",
					"\"$(SRCROOT)/../opencv-3.4.0/build/lib/libopencv_photo.3.4.0.dylib\"",
					"\"$(SRCROOT)/../opencv-3.4.0/build/lib/libopencv_photo.3.4.dylib\"",
					"\"$(SRCROOT)/../opencv-3.4.0/build/lib/libopencv_photo.dylib\"",
					"\"$(SRCROOT)/../opencv-3.4.0/build/lib/libopencv_shape.3.4.0.dylib\"",
					"\"$(SRCROOT)/../opencv-3.4.0/build/lib/libopencv_shape.3.4.dylib\"",
					"\"$(SRCROOT)/../opencv-3.4.0/build/lib/libopencv_shape.dylib\"",
					"\"$(SRCROOT)/../opencv-3.4.0/build/lib/libopencv_stitching.3.4.0.dylib\"",
					"\"$(SRCROOT)/../opencv-3.4.0/build/lib/libopencv_stitching.3.4.dylib\"",
					"\"$(SRCROOT)/../opencv-3.4.0/build/lib/libopencv_stitching.dylib\"",
					"\"$(SRCROOT)/../opencv-3.4.0/build/lib/libopencv_superres.3.4.0.dylib\"",
					"\"$(SRCROOT)/../opencv-3.4.0/build/lib/libopencv_superres.3.4.dylib\"",
					"\"$(SRCROOT)/../opencv-3.4.0/build/lib/libopencv_superres.dylib\"",
					"\"$(SRCROOT)/../opencv-3.4.0/build/lib/libopencv_video.3.4.0.dylib\"",
					"\"$(SRCROOT)/../opencv-3.4.0/build/lib/libopencv_video.3.4.dylib\"",
					"\"$(SRCROOT)/../opencv-3.4.0/build/lib/libopencv_video.dylib\"",
					"\"$(SRCROOT)/../opencv-3.4.0/build/lib/libopencv_videoio.3.4.0.dylib\"",
					"\"$(SRCROOT)/../opencv-3.4.0/build/lib/libopencv_videoio.3.4.dylib\"",
					"\"$(SRCROOT)/../opencv-3.4.0/build/lib/libopencv_videoio.dylib\"",
					"\"$(SRCROOT)/../opencv-3.4.0/build/lib/libopencv_videostab.3.4.0.dylib\"",
					"\"$(SRCROOT)/../opencv-3.4.0/build/lib/libopencv_videostab.3.4.dylib\"",
					"\"$(SRCROOT)/../opencv-3.4.0/build/lib/libopencv_videostab.dylib\"",
				);
				PRODUCT_NAME = "$(TARGET_NAME)";
			};
			name = Debug;
		};
		89BEC25B2020724A00DBFF82 /* Release */ = {
			isa = XCBuildConfiguration;
			buildSettings = {
				CODE_SIGN_STYLE = Automatic;
				HEADER_SEARCH_PATHS = /usr/local/include;
				LIBRARY_SEARCH_PATHS = usr/local/lib;
				OTHER_LDFLAGS = (
					"\"$(SRCROOT)/../opencv-3.4.0/build/lib/libopencv_calib3d.3.4.0.dylib\"",
					"\"$(SRCROOT)/../opencv-3.4.0/build/lib/libopencv_calib3d.3.4.dylib\"",
					"\"$(SRCROOT)/../opencv-3.4.0/build/lib/libopencv_calib3d.dylib\"",
					"\"$(SRCROOT)/../opencv-3.4.0/build/lib/libopencv_core.3.4.0.dylib\"",
					"\"$(SRCROOT)/../opencv-3.4.0/build/lib/libopencv_core.3.4.dylib\"",
					"\"$(SRCROOT)/../opencv-3.4.0/build/lib/libopencv_core.dylib\"",
					"\"$(SRCROOT)/../opencv-3.4.0/build/lib/libopencv_dnn.3.4.0.dylib\"",
					"\"$(SRCROOT)/../opencv-3.4.0/build/lib/libopencv_dnn.3.4.dylib\"",
					"\"$(SRCROOT)/../opencv-3.4.0/build/lib/libopencv_dnn.dylib\"",
					"\"$(SRCROOT)/../opencv-3.4.0/build/lib/libopencv_features2d.3.4.0.dylib\"",
					"\"$(SRCROOT)/../opencv-3.4.0/build/lib/libopencv_features2d.3.4.dylib\"",
					"\"$(SRCROOT)/../opencv-3.4.0/build/lib/libopencv_features2d.dylib\"",
					"\"$(SRCROOT)/../opencv-3.4.0/build/lib/libopencv_flann.3.4.0.dylib\"",
					"\"$(SRCROOT)/../opencv-3.4.0/build/lib/libopencv_flann.3.4.dylib\"",
					"\"$(SRCROOT)/../opencv-3.4.0/build/lib/libopencv_flann.dylib\"",
					"\"$(SRCROOT)/../opencv-3.4.0/build/lib/libopencv_highgui.3.4.0.dylib\"",
					"\"$(SRCROOT)/../opencv-3.4.0/build/lib/libopencv_highgui.3.4.dylib\"",
					"\"$(SRCROOT)/../opencv-3.4.0/build/lib/libopencv_highgui.dylib\"",
					"\"$(SRCROOT)/../opencv-3.4.0/build/lib/libopencv_imgcodecs.3.4.0.dylib\"",
					"\"$(SRCROOT)/../opencv-3.4.0/build/lib/libopencv_imgcodecs.3.4.dylib\"",
					"\"$(SRCROOT)/../opencv-3.4.0/build/lib/libopencv_imgcodecs.dylib\"",
					"\"$(SRCROOT)/../opencv-3.4.0/build/lib/libopencv_imgproc.3.4.0.dylib\"",
					"\"$(SRCROOT)/../opencv-3.4.0/build/lib/libopencv_imgproc.3.4.dylib\"",
					"\"$(SRCROOT)/../opencv-3.4.0/build/lib/libopencv_imgproc.dylib\"",
					"\"$(SRCROOT)/../opencv-3.4.0/build/lib/libopencv_ml.3.4.0.dylib\"",
					"\"$(SRCROOT)/../opencv-3.4.0/build/lib/libopencv_ml.3.4.dylib\"",
					"\"$(SRCROOT)/../opencv-3.4.0/build/lib/libopencv_ml.dylib\"",
					"\"$(SRCROOT)/../opencv-3.4.0/build/lib/libopencv_objdetect.3.4.0.dylib\"",
					"\"$(SRCROOT)/../opencv-3.4.0/build/lib/libopencv_objdetect.3.4.dylib\"",
					"\"$(SRCROOT)/../opencv-3.4.0/build/lib/libopencv_objdetect.dylib\"",
					"\"$(SRCROOT)/../opencv-3.4.0/build/lib/libopencv_photo.3.4.0.dylib\"",
					"\"$(SRCROOT)/../opencv-3.4.0/build/lib/libopencv_photo.3.4.dylib\"",
					"\"$(SRCROOT)/../opencv-3.4.0/build/lib/libopencv_photo.dylib\"",
					"\"$(SRCROOT)/../opencv-3.4.0/build/lib/libopencv_shape.3.4.0.dylib\"",
					"\"$(SRCROOT)/../opencv-3.4.0/build/lib/libopencv_shape.3.4.dylib\"",
					"\"$(SRCROOT)/../opencv-3.4.0/build/lib/libopencv_shape.dylib\"",
					"\"$(SRCROOT)/../opencv-3.4.0/build/lib/libopencv_stitching.3.4.0.dylib\"",
					"\"$(SRCROOT)/../opencv-3.4.0/build/lib/libopencv_stitching.3.4.dylib\"",
					"\"$(SRCROOT)/../opencv-3.4.0/build/lib/libopencv_stitching.dylib\"",
					"\"$(SRCROOT)/../opencv-3.4.0/build/lib/libopencv_superres.3.4.0.dylib\"",
					"\"$(SRCROOT)/../opencv-3.4.0/build/lib/libopencv_superres.3.4.dylib\"",
					"\"$(SRCROOT)/../opencv-3.4.0/build/lib/libopencv_superres.dylib\"",
					"\"$(SRCROOT)/../opencv-3.4.0/build/lib/libopencv_video.3.4.0.dylib\"",
					"\"$(SRCROOT)/../opencv-3.4.0/build/lib/libopencv_video.3.4.dylib\"",
					"\"$(SRCROOT)/../opencv-3.4.0/build/lib/libopencv_video.dylib\"",
					"\"$(SRCROOT)/../opencv-3.4.0/build/lib/libopencv_videoio.3.4.0.dylib\"",
					"\"$(SRCROOT)/../opencv-3.4.0/build/lib/libopencv_videoio.3.4.dylib\"",
					"\"$(SRCROOT)/../opencv-3.4.0/build/lib/libopencv_videoio.dylib\"",
					"\"$(SRCROOT)/../opencv-3.4.0/build/lib/libopencv_videostab.3.4.0.dylib\"",
					"\"$(SRCROOT)/../opencv-3.4.0/build/lib/libopencv_videostab.3.4.dylib\"",
					"\"$(SRCROOT)/../opencv-3.4.0/build/lib/libopencv_videostab.dylib\"",
				);
				PRODUCT_NAME = "$(TARGET_NAME)";
			};
			name = Release;
		};
/* End XCBuildConfiguration section */

/* Begin XCConfigurationList section */
		89BEC24D2020724A00DBFF82 /* Build configuration list for PBXProject "tester_opencv" */ = {
			isa = XCConfigurationList;
			buildConfigurations = (
				89BEC2572020724A00DBFF82 /* Debug */,
				89BEC2582020724A00DBFF82 /* Release */,
			);
			defaultConfigurationIsVisible = 0;
			defaultConfigurationName = Release;
		};
		89BEC2592020724A00DBFF82 /* Build configuration list for PBXNativeTarget "tester_opencv" */ = {
			isa = XCConfigurationList;
			buildConfigurations = (
				89BEC25A2020724A00DBFF82 /* Debug */,
				89BEC25B2020724A00DBFF82 /* Release */,
			);
			defaultConfigurationIsVisible = 0;
			defaultConfigurationName = Release;
		};
/* End XCConfigurationList section */
	};
	rootObject = 89BEC24A2020724A00DBFF82 /* Project object */;
}
